
Microsoft Visual Studio Solution File, Format Version 12.00
# Visual Studio Version 16
VisualStudioVersion = 16.0.29728.190
MinimumVisualStudioVersion = 10.0.40219.1
Project("{8BC9CEB8-8B4A-11D0-8D11-00A0C91BC942}") = "01-IsIsogram", "01-IsIsogram\01-IsIsogram.vcxproj", "{0505582A-67E3-4147-994F-B95687680070}"
EndProject
Project("{8BC9CEB8-8B4A-11D0-8D11-00A0C91BC942}") = "02-Explode String", "02-Explode String\02-Explode String.vcxproj", "{E34706A4-E37F-4C55-86EA-E2CD3A5247D3}"
EndProject
Project("{8BC9CEB8-8B4A-11D0-8D11-00A0C91BC942}") = "03-ReversePolishNotation", "03-ReversePolishNotation\03-ReversePolishNotation.vcxproj", "{A521DD80-F30C-4161-AAC3-6AE3697B354D}"
EndProject
Project("{8BC9CEB8-8B4A-11D0-8D11-00A0C91BC942}") = "04-CountOccurances", "04-CountOccurances\04-CountOccurances.vcxproj", "{D68A2340-34AA-4AC4-9907-C012D3310879}"
EndProject
Project("{8BC9CEB8-8B4A-11D0-8D11-00A0C91BC942}") = "05-MaxDifference", "05-MaxDifference\05-MaxDifference.vcxproj", "{62D989C1-D38D-461F-A88D-88F7B86FAC32}"
EndProject
Project("{8BC9CEB8-8B4A-11D0-8D11-00A0C91BC942}") = "06-RecordTime", "06-RecordTime\06-RecordTime.vcxproj", "{0821749F-28CC-496A-B38D-7E3627BA9EF9}"
EndProject
Project("{8BC9CEB8-8B4A-11D0-8D11-00A0C91BC942}") = "08-IsValidHex", "08-IsValidHex\08-IsValidHex.vcxproj", "{32EC8993-A949-4F9C-A664-23CD27384C98}"
EndProject
Project("{8BC9CEB8-8B4A-11D0-8D11-00A0C91BC942}") = "09-Blackjack", "09-Blackjack\09-Blackjack.vcxproj", "{74F49778-230D-4C9B-974F-39FA3662F2D4}"
EndProject
Project("{8BC9CEB8-8B4A-11D0-8D11-00A0C91BC942}") = "10-SplitString", "10-SplitString\10-SplitString.vcxproj", "{C49461FD-36C0-4939-83AD-84AAEEE2A610}"
EndProject
Project("{8BC9CEB8-8B4A-11D0-8D11-00A0C91BC942}") = "11-PrintPyramid", "11-PrintPyramid\11-PrintPyramid.vcxproj", "{AD40DB8C-713D-4EE0-9E25-E6375C4F2FD5}"
EndProject
Global
	GlobalSection(SolutionConfigurationPlatforms) = preSolution
		Debug|x64 = Debug|x64
		Debug|x86 = Debug|x86
		Release|x64 = Release|x64
		Release|x86 = Release|x86
	EndGlobalSection
	GlobalSection(ProjectConfigurationPlatforms) = postSolution
		{0505582A-67E3-4147-994F-B95687680070}.Debug|x64.ActiveCfg = Debug|x64
		{0505582A-67E3-4147-994F-B95687680070}.Debug|x64.Build.0 = Debug|x64
		{0505582A-67E3-4147-994F-B95687680070}.Debug|x86.ActiveCfg = Debug|Win32
		{0505582A-67E3-4147-994F-B95687680070}.Debug|x86.Build.0 = Debug|Win32
		{0505582A-67E3-4147-994F-B95687680070}.Release|x64.ActiveCfg = Release|x64
		{0505582A-67E3-4147-994F-B95687680070}.Release|x64.Build.0 = Release|x64
		{0505582A-67E3-4147-994F-B95687680070}.Release|x86.ActiveCfg = Release|Win32
		{0505582A-67E3-4147-994F-B95687680070}.Release|x86.Build.0 = Release|Win32
		{E34706A4-E37F-4C55-86EA-E2CD3A5247D3}.Debug|x64.ActiveCfg = Debug|x64
		{E34706A4-E37F-4C55-86EA-E2CD3A5247D3}.Debug|x64.Build.0 = Debug|x64
		{E34706A4-E37F-4C55-86EA-E2CD3A5247D3}.Debug|x86.ActiveCfg = Debug|Win32
		{E34706A4-E37F-4C55-86EA-E2CD3A5247D3}.Debug|x86.Build.0 = Debug|Win32
		{E34706A4-E37F-4C55-86EA-E2CD3A5247D3}.Release|x64.ActiveCfg = Release|x64
		{E34706A4-E37F-4C55-86EA-E2CD3A5247D3}.Release|x64.Build.0 = Release|x64
		{E34706A4-E37F-4C55-86EA-E2CD3A5247D3}.Release|x86.ActiveCfg = Release|Win32
		{E34706A4-E37F-4C55-86EA-E2CD3A5247D3}.Release|x86.Build.0 = Release|Win32
		{A521DD80-F30C-4161-AAC3-6AE3697B354D}.Debug|x64.ActiveCfg = Debug|x64
		{A521DD80-F30C-4161-AAC3-6AE3697B354D}.Debug|x64.Build.0 = Debug|x64
		{A521DD80-F30C-4161-AAC3-6AE3697B354D}.Debug|x86.ActiveCfg = Debug|Win32
		{A521DD80-F30C-4161-AAC3-6AE3697B354D}.Debug|x86.Build.0 = Debug|Win32
		{A521DD80-F30C-4161-AAC3-6AE3697B354D}.Release|x64.ActiveCfg = Release|x64
		{A521DD80-F30C-4161-AAC3-6AE3697B354D}.Release|x64.Build.0 = Release|x64
		{A521DD80-F30C-4161-AAC3-6AE3697B354D}.Release|x86.ActiveCfg = Release|Win32
		{A521DD80-F30C-4161-AAC3-6AE3697B354D}.Release|x86.Build.0 = Release|Win32
		{D68A2340-34AA-4AC4-9907-C012D3310879}.Debug|x64.ActiveCfg = Debug|x64
		{D68A2340-34AA-4AC4-9907-C012D3310879}.Debug|x64.Build.0 = Debug|x64
		{D68A2340-34AA-4AC4-9907-C012D3310879}.Debug|x86.ActiveCfg = Debug|Win32
		{D68A2340-34AA-4AC4-9907-C012D3310879}.Debug|x86.Build.0 = Debug|Win32
		{D68A2340-34AA-4AC4-9907-C012D3310879}.Release|x64.ActiveCfg = Release|x64
		{D68A2340-34AA-4AC4-9907-C012D3310879}.Release|x64.Build.0 = Release|x64
		{D68A2340-34AA-4AC4-9907-C012D3310879}.Release|x86.ActiveCfg = Release|Win32
		{D68A2340-34AA-4AC4-9907-C012D3310879}.Release|x86.Build.0 = Release|Win32
		{62D989C1-D38D-461F-A88D-88F7B86FAC32}.Debug|x64.ActiveCfg = Debug|x64
		{62D989C1-D38D-461F-A88D-88F7B86FAC32}.Debug|x64.Build.0 = Debug|x64
		{62D989C1-D38D-461F-A88D-88F7B86FAC32}.Debug|x86.ActiveCfg = Debug|Win32
		{62D989C1-D38D-461F-A88D-88F7B86FAC32}.Debug|x86.Build.0 = Debug|Win32
		{62D989C1-D38D-461F-A88D-88F7B86FAC32}.Release|x64.ActiveCfg = Release|x64
		{62D989C1-D38D-461F-A88D-88F7B86FAC32}.Release|x64.Build.0 = Release|x64
		{62D989C1-D38D-461F-A88D-88F7B86FAC32}.Release|x86.ActiveCfg = Release|Win32
		{62D989C1-D38D-461F-A88D-88F7B86FAC32}.Release|x86.Build.0 = Release|Win32
		{0821749F-28CC-496A-B38D-7E3627BA9EF9}.Debug|x64.ActiveCfg = Debug|x64
		{0821749F-28CC-496A-B38D-7E3627BA9EF9}.Debug|x64.Build.0 = Debug|x64
		{0821749F-28CC-496A-B38D-7E3627BA9EF9}.Debug|x86.ActiveCfg = Debug|Win32
		{0821749F-28CC-496A-B38D-7E3627BA9EF9}.Debug|x86.Build.0 = Debug|Win32
		{0821749F-28CC-496A-B38D-7E3627BA9EF9}.Release|x64.ActiveCfg = Release|x64
		{0821749F-28CC-496A-B38D-7E3627BA9EF9}.Release|x64.Build.0 = Release|x64
		{0821749F-28CC-496A-B38D-7E3627BA9EF9}.Release|x86.ActiveCfg = Release|Win32
		{0821749F-28CC-496A-B38D-7E3627BA9EF9}.Release|x86.Build.0 = Release|Win32
		{32EC8993-A949-4F9C-A664-23CD27384C98}.Debug|x64.ActiveCfg = Debug|x64
		{32EC8993-A949-4F9C-A664-23CD27384C98}.Debug|x64.Build.0 = Debug|x64
		{32EC8993-A949-4F9C-A664-23CD27384C98}.Debug|x86.ActiveCfg = Debug|Win32
		{32EC8993-A949-4F9C-A664-23CD27384C98}.Debug|x86.Build.0 = Debug|Win32
		{32EC8993-A949-4F9C-A664-23CD27384C98}.Release|x64.ActiveCfg = Release|x64
		{32EC8993-A949-4F9C-A664-23CD27384C98}.Release|x64.Build.0 = Release|x64
		{32EC8993-A949-4F9C-A664-23CD27384C98}.Release|x86.ActiveCfg = Release|Win32
		{32EC8993-A949-4F9C-A664-23CD27384C98}.Release|x86.Build.0 = Release|Win32
		{74F49778-230D-4C9B-974F-39FA3662F2D4}.Debug|x64.ActiveCfg = Debug|x64
		{74F49778-230D-4C9B-974F-39FA3662F2D4}.Debug|x64.Build.0 = Debug|x64
		{74F49778-230D-4C9B-974F-39FA3662F2D4}.Debug|x86.ActiveCfg = Debug|Win32
		{74F49778-230D-4C9B-974F-39FA3662F2D4}.Debug|x86.Build.0 = Debug|Win32
		{74F49778-230D-4C9B-974F-39FA3662F2D4}.Release|x64.ActiveCfg = Release|x64
		{74F49778-230D-4C9B-974F-39FA3662F2D4}.Release|x64.Build.0 = Release|x64
		{74F49778-230D-4C9B-974F-39FA3662F2D4}.Release|x86.ActiveCfg = Release|Win32
		{74F49778-230D-4C9B-974F-39FA3662F2D4}.Release|x86.Build.0 = Release|Win32
		{C49461FD-36C0-4939-83AD-84AAEEE2A610}.Debug|x64.ActiveCfg = Debug|x64
		{C49461FD-36C0-4939-83AD-84AAEEE2A610}.Debug|x64.Build.0 = Debug|x64
		{C49461FD-36C0-4939-83AD-84AAEEE2A610}.Debug|x86.ActiveCfg = Debug|Win32
		{C49461FD-36C0-4939-83AD-84AAEEE2A610}.Debug|x86.Build.0 = Debug|Win32
		{C49461FD-36C0-4939-83AD-84AAEEE2A610}.Release|x64.ActiveCfg = Release|x64
		{C49461FD-36C0-4939-83AD-84AAEEE2A610}.Release|x64.Build.0 = Release|x64
		{C49461FD-36C0-4939-83AD-84AAEEE2A610}.Release|x86.ActiveCfg = Release|Win32
		{C49461FD-36C0-4939-83AD-84AAEEE2A610}.Release|x86.Build.0 = Release|Win32
		{AD40DB8C-713D-4EE0-9E25-E6375C4F2FD5}.Debug|x64.ActiveCfg = Debug|x64
		{AD40DB8C-713D-4EE0-9E25-E6375C4F2FD5}.Debug|x64.Build.0 = Debug|x64
		{AD40DB8C-713D-4EE0-9E25-E6375C4F2FD5}.Debug|x86.ActiveCfg = Debug|Win32
		{AD40DB8C-713D-4EE0-9E25-E6375C4F2FD5}.Debug|x86.Build.0 = Debug|Win32
		{AD40DB8C-713D-4EE0-9E25-E6375C4F2FD5}.Release|x64.ActiveCfg = Release|x64
		{AD40DB8C-713D-4EE0-9E25-E6375C4F2FD5}.Release|x64.Build.0 = Release|x64
		{AD40DB8C-713D-4EE0-9E25-E6375C4F2FD5}.Release|x86.ActiveCfg = Release|Win32
		{AD40DB8C-713D-4EE0-9E25-E6375C4F2FD5}.Release|x86.Build.0 = Release|Win32
	EndGlobalSection
	GlobalSection(SolutionProperties) = preSolution
		HideSolutionNode = FALSE
	EndGlobalSection
	GlobalSection(ExtensibilityGlobals) = postSolution
		SolutionGuid = {423BD217-CB2E-465E-BD36-EC7E60380061}
	EndGlobalSection
EndGlobal
